// !$*UTF8*$!
{
	archiveVersion = 1;
	classes = {
	};
	objectVersion = 56;
	objects = {

/* Begin PBXBuildFile section */
		04B61C8E2BF63B8800331A1A /* Activity.swift in Sources */ = {isa = PBXBuildFile; fileRef = 04B61C8D2BF63B8800331A1A /* Activity.swift */; };
		04B61C902BF63FF900331A1A /* Product.swift in Sources */ = {isa = PBXBuildFile; fileRef = 04B61C8F2BF63FF900331A1A /* Product.swift */; };
		04BE24922BF4CBF5005CBF2C /* StoreEaseApp.swift in Sources */ = {isa = PBXBuildFile; fileRef = 04BE24912BF4CBF5005CBF2C /* StoreEaseApp.swift */; };
		04BE24942BF4CBF5005CBF2C /* ContentView.swift in Sources */ = {isa = PBXBuildFile; fileRef = 04BE24932BF4CBF5005CBF2C /* ContentView.swift */; };
		04BE24962BF4CBF5005CBF2C /* Item.swift in Sources */ = {isa = PBXBuildFile; fileRef = 04BE24952BF4CBF5005CBF2C /* Item.swift */; };
		04BE24982BF4CBF8005CBF2C /* Assets.xcassets in Resources */ = {isa = PBXBuildFile; fileRef = 04BE24972BF4CBF8005CBF2C /* Assets.xcassets */; };
		04BE249B2BF4CBF8005CBF2C /* Preview Assets.xcassets in Resources */ = {isa = PBXBuildFile; fileRef = 04BE249A2BF4CBF8005CBF2C /* Preview Assets.xcassets */; };
		04C8E6112BF5E209006A77CD /* HistoryList.swift in Sources */ = {isa = PBXBuildFile; fileRef = 04C8E6102BF5E209006A77CD /* HistoryList.swift */; };
		04C8E6132BF5E257006A77CD /* HistoryRow.swift in Sources */ = {isa = PBXBuildFile; fileRef = 04C8E6122BF5E257006A77CD /* HistoryRow.swift */; };
		04C8E6192BF5E6F2006A77CD /* ActivityDetail.swift in Sources */ = {isa = PBXBuildFile; fileRef = 04C8E6182BF5E6F2006A77CD /* ActivityDetail.swift */; };
		04C8E61D2BF5E72B006A77CD /* ActivityItemRow.swift in Sources */ = {isa = PBXBuildFile; fileRef = 04C8E61C2BF5E72B006A77CD /* ActivityItemRow.swift */; };
		EE7A07E02BF4EE7C0033B0FE /* SideNavigationBar.swift in Sources */ = {isa = PBXBuildFile; fileRef = EE7A07DF2BF4EE7C0033B0FE /* SideNavigationBar.swift */; };
		EE7A07E42BF4EF470033B0FE /* View.swift in Sources */ = {isa = PBXBuildFile; fileRef = EE7A07E32BF4EF470033B0FE /* View.swift */; };
		EE7A07E72BF4F04F0033B0FE /* StocksList.swift in Sources */ = {isa = PBXBuildFile; fileRef = EE7A07E62BF4F04F0033B0FE /* StocksList.swift */; };
/* End PBXBuildFile section */

/* Begin PBXFileReference section */
		04B61C8D2BF63B8800331A1A /* Activity.swift */ = {isa = PBXFileReference; lastKnownFileType = sourcecode.swift; path = Activity.swift; sourceTree = "<group>"; };
		04B61C8F2BF63FF900331A1A /* Product.swift */ = {isa = PBXFileReference; lastKnownFileType = sourcecode.swift; path = Product.swift; sourceTree = "<group>"; };
		04BE248E2BF4CBF5005CBF2C /* StoreEase.app */ = {isa = PBXFileReference; explicitFileType = wrapper.application; includeInIndex = 0; path = StoreEase.app; sourceTree = BUILT_PRODUCTS_DIR; };
		04BE24912BF4CBF5005CBF2C /* StoreEaseApp.swift */ = {isa = PBXFileReference; lastKnownFileType = sourcecode.swift; path = StoreEaseApp.swift; sourceTree = "<group>"; };
		04BE24932BF4CBF5005CBF2C /* ContentView.swift */ = {isa = PBXFileReference; lastKnownFileType = sourcecode.swift; path = ContentView.swift; sourceTree = "<group>"; };
		04BE24952BF4CBF5005CBF2C /* Item.swift */ = {isa = PBXFileReference; lastKnownFileType = sourcecode.swift; path = Item.swift; sourceTree = "<group>"; };
		04BE24972BF4CBF8005CBF2C /* Assets.xcassets */ = {isa = PBXFileReference; lastKnownFileType = folder.assetcatalog; path = Assets.xcassets; sourceTree = "<group>"; };
		04BE249A2BF4CBF8005CBF2C /* Preview Assets.xcassets */ = {isa = PBXFileReference; lastKnownFileType = folder.assetcatalog; path = "Preview Assets.xcassets"; sourceTree = "<group>"; };
		04BE249C2BF4CBF8005CBF2C /* StoreEase.entitlements */ = {isa = PBXFileReference; lastKnownFileType = text.plist.entitlements; path = StoreEase.entitlements; sourceTree = "<group>"; };
		04C8E6102BF5E209006A77CD /* HistoryList.swift */ = {isa = PBXFileReference; lastKnownFileType = sourcecode.swift; path = HistoryList.swift; sourceTree = "<group>"; };
		04C8E6122BF5E257006A77CD /* HistoryRow.swift */ = {isa = PBXFileReference; lastKnownFileType = sourcecode.swift; path = HistoryRow.swift; sourceTree = "<group>"; };
		04C8E6182BF5E6F2006A77CD /* ActivityDetail.swift */ = {isa = PBXFileReference; lastKnownFileType = sourcecode.swift; path = ActivityDetail.swift; sourceTree = "<group>"; };
		04C8E61C2BF5E72B006A77CD /* ActivityItemRow.swift */ = {isa = PBXFileReference; lastKnownFileType = sourcecode.swift; path = ActivityItemRow.swift; sourceTree = "<group>"; };
		EE7A07DF2BF4EE7C0033B0FE /* SideNavigationBar.swift */ = {isa = PBXFileReference; lastKnownFileType = sourcecode.swift; path = SideNavigationBar.swift; sourceTree = "<group>"; };
		EE7A07E32BF4EF470033B0FE /* View.swift */ = {isa = PBXFileReference; lastKnownFileType = sourcecode.swift; path = View.swift; sourceTree = "<group>"; };
		EE7A07E62BF4F04F0033B0FE /* StocksList.swift */ = {isa = PBXFileReference; lastKnownFileType = sourcecode.swift; path = StocksList.swift; sourceTree = "<group>"; };
/* End PBXFileReference section */

/* Begin PBXFrameworksBuildPhase section */
		04BE248B2BF4CBF5005CBF2C /* Frameworks */ = {
			isa = PBXFrameworksBuildPhase;
			buildActionMask = 2147483647;
			files = (
			);
			runOnlyForDeploymentPostprocessing = 0;
		};
/* End PBXFrameworksBuildPhase section */

/* Begin PBXGroup section */
		04BE24852BF4CBF5005CBF2C = {
			isa = PBXGroup;
			children = (
				04BE24902BF4CBF5005CBF2C /* StoreEase */,
				04BE248F2BF4CBF5005CBF2C /* Products */,
			);
			sourceTree = "<group>";
		};
		04BE248F2BF4CBF5005CBF2C /* Products */ = {
			isa = PBXGroup;
			children = (
				04BE248E2BF4CBF5005CBF2C /* StoreEase.app */,
			);
			name = Products;
			sourceTree = "<group>";
		};
		04BE24902BF4CBF5005CBF2C /* StoreEase */ = {
			isa = PBXGroup;
			children = (
				04BE24912BF4CBF5005CBF2C /* StoreEaseApp.swift */,
				EE7A07E12BF4EF300033B0FE /* Model */,
				EE7A07DD2BF4EE430033B0FE /* Views */,
				04BE24972BF4CBF8005CBF2C /* Assets.xcassets */,
				04BE249C2BF4CBF8005CBF2C /* StoreEase.entitlements */,
				04BE24992BF4CBF8005CBF2C /* Preview Content */,
			);
			path = StoreEase;
			sourceTree = "<group>";
		};
		04BE24992BF4CBF8005CBF2C /* Preview Content */ = {
			isa = PBXGroup;
			children = (
				04BE249A2BF4CBF8005CBF2C /* Preview Assets.xcassets */,
			);
			path = "Preview Content";
			sourceTree = "<group>";
		};
		04C8E60F2BF5E1AB006A77CD /* History */ = {
			isa = PBXGroup;
			children = (
				04C8E6102BF5E209006A77CD /* HistoryList.swift */,
				04C8E6122BF5E257006A77CD /* HistoryRow.swift */,
				04C8E6182BF5E6F2006A77CD /* ActivityDetail.swift */,
				04C8E61C2BF5E72B006A77CD /* ActivityItemRow.swift */,
			);
			path = History;
			sourceTree = "<group>";
		};
		EE7A07DD2BF4EE430033B0FE /* Views */ = {
			isa = PBXGroup;
			children = (
				04BE24932BF4CBF5005CBF2C /* ContentView.swift */,
				04C8E60F2BF5E1AB006A77CD /* History */,
				EE7A07E52BF4F0200033B0FE /* Stocks */,
				EE7A07DE2BF4EE4E0033B0FE /* Helper */,
			);
			path = Views;
			sourceTree = "<group>";
		};
		EE7A07DE2BF4EE4E0033B0FE /* Helper */ = {
			isa = PBXGroup;
			children = (
				EE7A07DF2BF4EE7C0033B0FE /* SideNavigationBar.swift */,
			);
			path = Helper;
			sourceTree = "<group>";
		};
		EE7A07E12BF4EF300033B0FE /* Model */ = {
			isa = PBXGroup;
			children = (
				04B61C8D2BF63B8800331A1A /* Activity.swift */,
				04B61C8F2BF63FF900331A1A /* Product.swift */,
				04BE24952BF4CBF5005CBF2C /* Item.swift */,
				EE7A07E32BF4EF470033B0FE /* View.swift */,
			);
			path = Model;
			sourceTree = "<group>";
		};
		EE7A07E52BF4F0200033B0FE /* Stocks */ = {
			isa = PBXGroup;
			children = (
				EE7A07E62BF4F04F0033B0FE /* StocksList.swift */,
			);
			path = Stocks;
			sourceTree = "<group>";
		};
/* End PBXGroup section */

/* Begin PBXNativeTarget section */
		04BE248D2BF4CBF5005CBF2C /* StoreEase */ = {
			isa = PBXNativeTarget;
			buildConfigurationList = 04BE249F2BF4CBF8005CBF2C /* Build configuration list for PBXNativeTarget "StoreEase" */;
			buildPhases = (
				04BE248A2BF4CBF5005CBF2C /* Sources */,
				04BE248B2BF4CBF5005CBF2C /* Frameworks */,
				04BE248C2BF4CBF5005CBF2C /* Resources */,
			);
			buildRules = (
			);
			dependencies = (
			);
			name = StoreEase;
			productName = StoreEase;
			productReference = 04BE248E2BF4CBF5005CBF2C /* StoreEase.app */;
			productType = "com.apple.product-type.application";
		};
/* End PBXNativeTarget section */

/* Begin PBXProject section */
		04BE24862BF4CBF5005CBF2C /* Project object */ = {
			isa = PBXProject;
			attributes = {
				BuildIndependentTargetsInParallel = 1;
				LastSwiftUpdateCheck = 1530;
				LastUpgradeCheck = 1530;
				TargetAttributes = {
					04BE248D2BF4CBF5005CBF2C = {
						CreatedOnToolsVersion = 15.3;
					};
				};
			};
			buildConfigurationList = 04BE24892BF4CBF5005CBF2C /* Build configuration list for PBXProject "StoreEase" */;
			compatibilityVersion = "Xcode 14.0";
			developmentRegion = en;
			hasScannedForEncodings = 0;
			knownRegions = (
				en,
				Base,
			);
			mainGroup = 04BE24852BF4CBF5005CBF2C;
			productRefGroup = 04BE248F2BF4CBF5005CBF2C /* Products */;
			projectDirPath = "";
			projectRoot = "";
			targets = (
				04BE248D2BF4CBF5005CBF2C /* StoreEase */,
			);
		};
/* End PBXProject section */

/* Begin PBXResourcesBuildPhase section */
		04BE248C2BF4CBF5005CBF2C /* Resources */ = {
			isa = PBXResourcesBuildPhase;
			buildActionMask = 2147483647;
			files = (
				04BE249B2BF4CBF8005CBF2C /* Preview Assets.xcassets in Resources */,
				04BE24982BF4CBF8005CBF2C /* Assets.xcassets in Resources */,
			);
			runOnlyForDeploymentPostprocessing = 0;
		};
/* End PBXResourcesBuildPhase section */

/* Begin PBXSourcesBuildPhase section */
		04BE248A2BF4CBF5005CBF2C /* Sources */ = {
			isa = PBXSourcesBuildPhase;
			buildActionMask = 2147483647;
			files = (
				04C8E6112BF5E209006A77CD /* HistoryList.swift in Sources */,
				EE7A07E02BF4EE7C0033B0FE /* SideNavigationBar.swift in Sources */,
				04BE24942BF4CBF5005CBF2C /* ContentView.swift in Sources */,
				EE7A07E42BF4EF470033B0FE /* View.swift in Sources */,
				04BE24962BF4CBF5005CBF2C /* Item.swift in Sources */,
				04B61C902BF63FF900331A1A /* Product.swift in Sources */,
				04C8E6192BF5E6F2006A77CD /* ActivityDetail.swift in Sources */,
				04C8E61D2BF5E72B006A77CD /* ActivityItemRow.swift in Sources */,
				04C8E6132BF5E257006A77CD /* HistoryRow.swift in Sources */,
				EE7A07E72BF4F04F0033B0FE /* StocksList.swift in Sources */,
				04B61C8E2BF63B8800331A1A /* Activity.swift in Sources */,
				04BE24922BF4CBF5005CBF2C /* StoreEaseApp.swift in Sources */,
			);
			runOnlyForDeploymentPostprocessing = 0;
		};
/* End PBXSourcesBuildPhase section */

/* Begin XCBuildConfiguration section */
		04BE249D2BF4CBF8005CBF2C /* Debug */ = {
			isa = XCBuildConfiguration;
			buildSettings = {
				ALWAYS_SEARCH_USER_PATHS = NO;
				ASSETCATALOG_COMPILER_GENERATE_SWIFT_ASSET_SYMBOL_EXTENSIONS = YES;
				CLANG_ANALYZER_NONNULL = YES;
				CLANG_ANALYZER_NUMBER_OBJECT_CONVERSION = YES_AGGRESSIVE;
				CLANG_CXX_LANGUAGE_STANDARD = "gnu++20";
				CLANG_ENABLE_MODULES = YES;
				CLANG_ENABLE_OBJC_ARC = YES;
				CLANG_ENABLE_OBJC_WEAK = YES;
				CLANG_WARN_BLOCK_CAPTURE_AUTORELEASING = YES;
				CLANG_WARN_BOOL_CONVERSION = YES;
				CLANG_WARN_COMMA = YES;
				CLANG_WARN_CONSTANT_CONVERSION = YES;
				CLANG_WARN_DEPRECATED_OBJC_IMPLEMENTATIONS = YES;
				CLANG_WARN_DIRECT_OBJC_ISA_USAGE = YES_ERROR;
				CLANG_WARN_DOCUMENTATION_COMMENTS = YES;
				CLANG_WARN_EMPTY_BODY = YES;
				CLANG_WARN_ENUM_CONVERSION = YES;
				CLANG_WARN_INFINITE_RECURSION = YES;
				CLANG_WARN_INT_CONVERSION = YES;
				CLANG_WARN_NON_LITERAL_NULL_CONVERSION = YES;
				CLANG_WARN_OBJC_IMPLICIT_RETAIN_SELF = YES;
				CLANG_WARN_OBJC_LITERAL_CONVERSION = YES;
				CLANG_WARN_OBJC_ROOT_CLASS = YES_ERROR;
				CLANG_WARN_QUOTED_INCLUDE_IN_FRAMEWORK_HEADER = YES;
				CLANG_WARN_RANGE_LOOP_ANALYSIS = YES;
				CLANG_WARN_STRICT_PROTOTYPES = YES;
				CLANG_WARN_SUSPICIOUS_MOVE = YES;
				CLANG_WARN_UNGUARDED_AVAILABILITY = YES_AGGRESSIVE;
				CLANG_WARN_UNREACHABLE_CODE = YES;
				CLANG_WARN__DUPLICATE_METHOD_MATCH = YES;
				COPY_PHASE_STRIP = NO;
				DEBUG_INFORMATION_FORMAT = dwarf;
				ENABLE_STRICT_OBJC_MSGSEND = YES;
				ENABLE_TESTABILITY = YES;
				ENABLE_USER_SCRIPT_SANDBOXING = YES;
				GCC_C_LANGUAGE_STANDARD = gnu17;
				GCC_DYNAMIC_NO_PIC = NO;
				GCC_NO_COMMON_BLOCKS = YES;
				GCC_OPTIMIZATION_LEVEL = 0;
				GCC_PREPROCESSOR_DEFINITIONS = (
					"DEBUG=1",
					"$(inherited)",
				);
				GCC_WARN_64_TO_32_BIT_CONVERSION = YES;
				GCC_WARN_ABOUT_RETURN_TYPE = YES_ERROR;
				GCC_WARN_UNDECLARED_SELECTOR = YES;
				GCC_WARN_UNINITIALIZED_AUTOS = YES_AGGRESSIVE;
				GCC_WARN_UNUSED_FUNCTION = YES;
				GCC_WARN_UNUSED_VARIABLE = YES;
				LOCALIZATION_PREFERS_STRING_CATALOGS = YES;
				MACOSX_DEPLOYMENT_TARGET = 14.3;
				MTL_ENABLE_DEBUG_INFO = INCLUDE_SOURCE;
				MTL_FAST_MATH = YES;
				ONLY_ACTIVE_ARCH = YES;
				SDKROOT = macosx;
				SWIFT_ACTIVE_COMPILATION_CONDITIONS = "DEBUG $(inherited)";
				SWIFT_OPTIMIZATION_LEVEL = "-Onone";
			};
			name = Debug;
		};
		04BE249E2BF4CBF8005CBF2C /* Release */ = {
			isa = XCBuildConfiguration;
			buildSettings = {
				ALWAYS_SEARCH_USER_PATHS = NO;
				ASSETCATALOG_COMPILER_GENERATE_SWIFT_ASSET_SYMBOL_EXTENSIONS = YES;
				CLANG_ANALYZER_NONNULL = YES;
				CLANG_ANALYZER_NUMBER_OBJECT_CONVERSION = YES_AGGRESSIVE;
				CLANG_CXX_LANGUAGE_STANDARD = "gnu++20";
				CLANG_ENABLE_MODULES = YES;
				CLANG_ENABLE_OBJC_ARC = YES;
				CLANG_ENABLE_OBJC_WEAK = YES;
				CLANG_WARN_BLOCK_CAPTURE_AUTORELEASING = YES;
				CLANG_WARN_BOOL_CONVERSION = YES;
				CLANG_WARN_COMMA = YES;
				CLANG_WARN_CONSTANT_CONVERSION = YES;
				CLANG_WARN_DEPRECATED_OBJC_IMPLEMENTATIONS = YES;
				CLANG_WARN_DIRECT_OBJC_ISA_USAGE = YES_ERROR;
				CLANG_WARN_DOCUMENTATION_COMMENTS = YES;
				CLANG_WARN_EMPTY_BODY = YES;
				CLANG_WARN_ENUM_CONVERSION = YES;
				CLANG_WARN_INFINITE_RECURSION = YES;
				CLANG_WARN_INT_CONVERSION = YES;
				CLANG_WARN_NON_LITERAL_NULL_CONVERSION = YES;
				CLANG_WARN_OBJC_IMPLICIT_RETAIN_SELF = YES;
				CLANG_WARN_OBJC_LITERAL_CONVERSION = YES;
				CLANG_WARN_OBJC_ROOT_CLASS = YES_ERROR;
				CLANG_WARN_QUOTED_INCLUDE_IN_FRAMEWORK_HEADER = YES;
				CLANG_WARN_RANGE_LOOP_ANALYSIS = YES;
				CLANG_WARN_STRICT_PROTOTYPES = YES;
				CLANG_WARN_SUSPICIOUS_MOVE = YES;
				CLANG_WARN_UNGUARDED_AVAILABILITY = YES_AGGRESSIVE;
				CLANG_WARN_UNREACHABLE_CODE = YES;
				CLANG_WARN__DUPLICATE_METHOD_MATCH = YES;
				COPY_PHASE_STRIP = NO;
				DEBUG_INFORMATION_FORMAT = "dwarf-with-dsym";
				ENABLE_NS_ASSERTIONS = NO;
				ENABLE_STRICT_OBJC_MSGSEND = YES;
				ENABLE_USER_SCRIPT_SANDBOXING = YES;
				GCC_C_LANGUAGE_STANDARD = gnu17;
				GCC_NO_COMMON_BLOCKS = YES;
				GCC_WARN_64_TO_32_BIT_CONVERSION = YES;
				GCC_WARN_ABOUT_RETURN_TYPE = YES_ERROR;
				GCC_WARN_UNDECLARED_SELECTOR = YES;
				GCC_WARN_UNINITIALIZED_AUTOS = YES_AGGRESSIVE;
				GCC_WARN_UNUSED_FUNCTION = YES;
				GCC_WARN_UNUSED_VARIABLE = YES;
				LOCALIZATION_PREFERS_STRING_CATALOGS = YES;
				MACOSX_DEPLOYMENT_TARGET = 14.3;
				MTL_ENABLE_DEBUG_INFO = NO;
				MTL_FAST_MATH = YES;
				SDKROOT = macosx;
				SWIFT_COMPILATION_MODE = wholemodule;
			};
			name = Release;
		};
		04BE24A02BF4CBF8005CBF2C /* Debug */ = {
			isa = XCBuildConfiguration;
			buildSettings = {
				ASSETCATALOG_COMPILER_APPICON_NAME = AppIcon;
				ASSETCATALOG_COMPILER_GLOBAL_ACCENT_COLOR_NAME = AccentColor;
				CODE_SIGN_ENTITLEMENTS = StoreEase/StoreEase.entitlements;
				CODE_SIGN_STYLE = Automatic;
				COMBINE_HIDPI_IMAGES = YES;
				CURRENT_PROJECT_VERSION = 1;
				DEVELOPMENT_ASSET_PATHS = "\"StoreEase/Preview Content\"";
				ENABLE_PREVIEWS = YES;
				GENERATE_INFOPLIST_FILE = YES;
				INFOPLIST_KEY_NSHumanReadableCopyright = "";
				LD_RUNPATH_SEARCH_PATHS = (
					"$(inherited)",
					"@executable_path/../Frameworks",
				);
				MACOSX_DEPLOYMENT_TARGET = 14.0;
				MARKETING_VERSION = 1.0;
				PRODUCT_BUNDLE_IDENTIFIER = Tefer.StoreEase;
				PRODUCT_NAME = "$(TARGET_NAME)";
				SWIFT_EMIT_LOC_STRINGS = YES;
				SWIFT_VERSION = 5.0;
			};
			name = Debug;
		};
		04BE24A12BF4CBF8005CBF2C /* Release */ = {
			isa = XCBuildConfiguration;
			buildSettings = {
				ASSETCATALOG_COMPILER_APPICON_NAME = AppIcon;
				ASSETCATALOG_COMPILER_GLOBAL_ACCENT_COLOR_NAME = AccentColor;
				CODE_SIGN_ENTITLEMENTS = StoreEase/StoreEase.entitlements;
				CODE_SIGN_STYLE = Automatic;
				COMBINE_HIDPI_IMAGES = YES;
				CURRENT_PROJECT_VERSION = 1;
				DEVELOPMENT_ASSET_PATHS = "\"StoreEase/Preview Content\"";
				ENABLE_PREVIEWS = YES;
				GENERATE_INFOPLIST_FILE = YES;
				INFOPLIST_KEY_NSHumanReadableCopyright = "";
				LD_RUNPATH_SEARCH_PATHS = (
					"$(inherited)",
					"@executable_path/../Frameworks",
				);
				MACOSX_DEPLOYMENT_TARGET = 14.0;
				MARKETING_VERSION = 1.0;
				PRODUCT_BUNDLE_IDENTIFIER = Tefer.StoreEase;
				PRODUCT_NAME = "$(TARGET_NAME)";
				SWIFT_EMIT_LOC_STRINGS = YES;
				SWIFT_VERSION = 5.0;
			};
			name = Release;
		};
/* End XCBuildConfiguration section */

/* Begin XCConfigurationList section */
		04BE24892BF4CBF5005CBF2C /* Build configuration list for PBXProject "StoreEase" */ = {
			isa = XCConfigurationList;
			buildConfigurations = (
				04BE249D2BF4CBF8005CBF2C /* Debug */,
				04BE249E2BF4CBF8005CBF2C /* Release */,
			);
			defaultConfigurationIsVisible = 0;
			defaultConfigurationName = Release;
		};
		04BE249F2BF4CBF8005CBF2C /* Build configuration list for PBXNativeTarget "StoreEase" */ = {
			isa = XCConfigurationList;
			buildConfigurations = (
				04BE24A02BF4CBF8005CBF2C /* Debug */,
				04BE24A12BF4CBF8005CBF2C /* Release */,
			);
			defaultConfigurationIsVisible = 0;
			defaultConfigurationName = Release;
		};
/* End XCConfigurationList section */
	};
	rootObject = 04BE24862BF4CBF5005CBF2C /* Project object */;
}
